
Microsoft Visual Studio Solution File, Format Version 12.00
# Visual Studio Version 17
VisualStudioVersion = 17.5.33530.505
MinimumVisualStudioVersion = 10.0.40219.1
Project("{FAE04EC0-301F-11D3-BF4B-00C04F79EFBC}") = "UserManagement", "UserManagement.csproj", "{4D993767-697A-40C7-A3E5-66AE5976963E}"
EndProject
Project("{FAE04EC0-301F-11D3-BF4B-00C04F79EFBC}") = "UserManagement.Services", "..\UserManagement.Services\UserManagement.Services.csproj", "{B8CC4BDB-6E6F-476D-B206-3537C6147C8C}"
EndProject
Project("{FAE04EC0-301F-11D3-BF4B-00C04F79EFBC}") = "UserManagement.Models", "..\UserManagement.Models\UserManagement.Models.csproj", "{D46F0878-2E27-4F4A-B057-9172674A8F58}"
EndProject
Global
	GlobalSection(SolutionConfigurationPlatforms) = preSolution
		Debug|Any CPU = Debug|Any CPU
		Release|Any CPU = Release|Any CPU
	EndGlobalSection
	GlobalSection(ProjectConfigurationPlatforms) = postSolution
		{4D993767-697A-40C7-A3E5-66AE5976963E}.Debug|Any CPU.ActiveCfg = Debug|Any CPU
		{4D993767-697A-40C7-A3E5-66AE5976963E}.Debug|Any CPU.Build.0 = Debug|Any CPU
		{4D993767-697A-40C7-A3E5-66AE5976963E}.Release|Any CPU.ActiveCfg = Release|Any CPU
		{4D993767-697A-40C7-A3E5-66AE5976963E}.Release|Any CPU.Build.0 = Release|Any CPU
		{B8CC4BDB-6E6F-476D-B206-3537C6147C8C}.Debug|Any CPU.ActiveCfg = Debug|Any CPU
		{B8CC4BDB-6E6F-476D-B206-3537C6147C8C}.Debug|Any CPU.Build.0 = Debug|Any CPU
		{B8CC4BDB-6E6F-476D-B206-3537C6147C8C}.Release|Any CPU.ActiveCfg = Release|Any CPU
		{B8CC4BDB-6E6F-476D-B206-3537C6147C8C}.Release|Any CPU.Build.0 = Release|Any CPU
		{D46F0878-2E27-4F4A-B057-9172674A8F58}.Debug|Any CPU.ActiveCfg = Debug|Any CPU
		{D46F0878-2E27-4F4A-B057-9172674A8F58}.Debug|Any CPU.Build.0 = Debug|Any CPU
		{D46F0878-2E27-4F4A-B057-9172674A8F58}.Release|Any CPU.ActiveCfg = Release|Any CPU
		{D46F0878-2E27-4F4A-B057-9172674A8F58}.Release|Any CPU.Build.0 = Release|Any CPU
	EndGlobalSection
	GlobalSection(SolutionProperties) = preSolution
		HideSolutionNode = FALSE
	EndGlobalSection
	GlobalSection(ExtensibilityGlobals) = postSolution
		SolutionGuid = {BE74A522-F7A2-4BE9-BE8E-AB84C6E3944F}
	EndGlobalSection
EndGlobal
